{
  "R": {
    "Version": "4.4.1",
    "Repositories": [
      {
        "Name": "CRAN",
        "URL": "https://packagemanager.posit.co/cran/latest"
      }
    ]
  },
  "Packages": {
    "cowsay": {
      "Package": "cowsay",
      "Version": "0.9.0",
      "Source": "Repository",
      "Repository": "RSPM",
      "Requirements": [
        "crayon",
        "fortunes",
        "rmsfact"
      ],
      "Hash": "4e3813de2df6391b7add61c63631262c"
    },
    "crayon": {
      "Package": "crayon",
      "Version": "1.5.3",
      "Source": "Repository",
      "Repository": "RSPM",
      "Requirements": [
        "grDevices",
        "methods",
        "utils"
      ],
      "Hash": "859d96e65ef198fd43e82b9628d593ef"
    },
    "fortunes": {
      "Package": "fortunes",
      "Version": "1.5-4",
      "Source": "Repository",
      "Repository": "RSPM",
      "Requirements": [
        "utils"
      ],
      "Hash": "d031a520bc2c989180c772dbc6851088"
    },
    "renv": {
      "Package": "renv",
      "Version": "1.0.7",
      "Source": "Repository",
      "Repository": "RSPM",
      "Requirements": [
        "utils"
      ],
      "Hash": "397b7b2a265bc5a7a06852524dabae20"
    },
    "rmsfact": {
      "Package": "rmsfact",
      "Version": "0.0.3",
      "Source": "Repository",
      "Repository": "RSPM",
      "Hash": "9e53733ec853fb8e5f2c74420c66e10b"
    }
  }
}
